
Microsoft Visual Studio Solution File, Format Version 12.00
# Visual Studio 15
VisualStudioVersion = 15.0.27130.2027
MinimumVisualStudioVersion = 10.0.40219.1
Project("{8BC9CEB8-8B4A-11D0-8D11-00A0C91BC942}") = "ConsolePhysX", "ConsolePhysX\ConsolePhysX.vcxproj", "{3E906925-6A97-41CD-907C-F49D8E8CC088}"
EndProject
Global
	GlobalSection(SolutionConfigurationPlatforms) = preSolution
		Debug|x64 = Debug|x64
		Debug|x86 = Debug|x86
		Release|x64 = Release|x64
		Release|x86 = Release|x86
	EndGlobalSection
	GlobalSection(ProjectConfigurationPlatforms) = postSolution
		{3E906925-6A97-41CD-907C-F49D8E8CC088}.Debug|x64.ActiveCfg = Debug|x64
		{3E906925-6A97-41CD-907C-F49D8E8CC088}.Debug|x64.Build.0 = Debug|x64
		{3E906925-6A97-41CD-907C-F49D8E8CC088}.Debug|x86.ActiveCfg = Debug|Win32
		{3E906925-6A97-41CD-907C-F49D8E8CC088}.Debug|x86.Build.0 = Debug|Win32
		{3E906925-6A97-41CD-907C-F49D8E8CC088}.Release|x64.ActiveCfg = Release|x64
		{3E906925-6A97-41CD-907C-F49D8E8CC088}.Release|x64.Build.0 = Release|x64
		{3E906925-6A97-41CD-907C-F49D8E8CC088}.Release|x86.ActiveCfg = Release|Win32
		{3E906925-6A97-41CD-907C-F49D8E8CC088}.Release|x86.Build.0 = Release|Win32
	EndGlobalSection
	GlobalSection(SolutionProperties) = preSolution
		HideSolutionNode = FALSE
	EndGlobalSection
	GlobalSection(ExtensibilityGlobals) = postSolution
		SolutionGuid = {A6C53190-F62D-42D3-8959-5B32C038E38D}
	EndGlobalSection
EndGlobal
